
Microsoft Visual Studio Solution File, Format Version 12.00
# Visual Studio Version 17
VisualStudioVersion = 17.4.33122.133
MinimumVisualStudioVersion = 10.0.40219.1
Project("{FAE04EC0-301F-11D3-BF4B-00C04F79EFBC}") = "EngineSFML", "EngineSFML\EngineSFML.csproj", "{9DFE5D77-EE53-4EB7-BD25-D5D43A51529C}"
EndProject
Global
	GlobalSection(SolutionConfigurationPlatforms) = preSolution
		Debug|Any CPU = Debug|Any CPU
		Release|Any CPU = Release|Any CPU
	EndGlobalSection
	GlobalSection(ProjectConfigurationPlatforms) = postSolution
		{9DFE5D77-EE53-4EB7-BD25-D5D43A51529C}.Debug|Any CPU.ActiveCfg = Debug|Any CPU
		{9DFE5D77-EE53-4EB7-BD25-D5D43A51529C}.Debug|Any CPU.Build.0 = Debug|Any CPU
		{9DFE5D77-EE53-4EB7-BD25-D5D43A51529C}.Release|Any CPU.ActiveCfg = Release|Any CPU
		{9DFE5D77-EE53-4EB7-BD25-D5D43A51529C}.Release|Any CPU.Build.0 = Release|Any CPU
	EndGlobalSection
	GlobalSection(SolutionProperties) = preSolution
		HideSolutionNode = FALSE
	EndGlobalSection
	GlobalSection(ExtensibilityGlobals) = postSolution
		SolutionGuid = {85E1A780-AEFB-49EB-8DC2-244573362DA2}
	EndGlobalSection
EndGlobal
